
Microsoft Visual Studio Solution File, Format Version 12.00
# Visual Studio 15
VisualStudioVersion = 15.0.28307.329
MinimumVisualStudioVersion = 10.0.40219.1
Project("{FAE04EC0-301F-11D3-BF4B-00C04F79EFBC}") = "MyEngine", "MyEngine\MyEngine.csproj", "{83D1303E-1664-47FC-A1C1-9C52FDD37160}"
EndProject
Project("{FAE04EC0-301F-11D3-BF4B-00C04F79EFBC}") = "ConsoleApp1", "ConsoleApp1\ConsoleApp1.csproj", "{F40B8627-6A11-4FFB-A8F7-A93FC4027FA2}"
EndProject
Global
	GlobalSection(SolutionConfigurationPlatforms) = preSolution
		Debug|Any CPU = Debug|Any CPU
		Debug|x64 = Debug|x64
		Debug|x86 = Debug|x86
		Release|Any CPU = Release|Any CPU
		Release|x64 = Release|x64
		Release|x86 = Release|x86
	EndGlobalSection
	GlobalSection(ProjectConfigurationPlatforms) = postSolution
		{83D1303E-1664-47FC-A1C1-9C52FDD37160}.Debug|Any CPU.ActiveCfg = Debug|Any CPU
		{83D1303E-1664-47FC-A1C1-9C52FDD37160}.Debug|Any CPU.Build.0 = Debug|Any CPU
		{83D1303E-1664-47FC-A1C1-9C52FDD37160}.Debug|x64.ActiveCfg = Debug|x64
		{83D1303E-1664-47FC-A1C1-9C52FDD37160}.Debug|x64.Build.0 = Debug|x64
		{83D1303E-1664-47FC-A1C1-9C52FDD37160}.Debug|x86.ActiveCfg = Debug|x86
		{83D1303E-1664-47FC-A1C1-9C52FDD37160}.Debug|x86.Build.0 = Debug|x86
		{83D1303E-1664-47FC-A1C1-9C52FDD37160}.Release|Any CPU.ActiveCfg = Release|Any CPU
		{83D1303E-1664-47FC-A1C1-9C52FDD37160}.Release|Any CPU.Build.0 = Release|Any CPU
		{83D1303E-1664-47FC-A1C1-9C52FDD37160}.Release|x64.ActiveCfg = Release|x64
		{83D1303E-1664-47FC-A1C1-9C52FDD37160}.Release|x64.Build.0 = Release|x64
		{83D1303E-1664-47FC-A1C1-9C52FDD37160}.Release|x86.ActiveCfg = Release|x86
		{83D1303E-1664-47FC-A1C1-9C52FDD37160}.Release|x86.Build.0 = Release|x86
		{F40B8627-6A11-4FFB-A8F7-A93FC4027FA2}.Debug|Any CPU.ActiveCfg = Debug|Any CPU
		{F40B8627-6A11-4FFB-A8F7-A93FC4027FA2}.Debug|Any CPU.Build.0 = Debug|Any CPU
		{F40B8627-6A11-4FFB-A8F7-A93FC4027FA2}.Debug|x64.ActiveCfg = Debug|Any CPU
		{F40B8627-6A11-4FFB-A8F7-A93FC4027FA2}.Debug|x64.Build.0 = Debug|Any CPU
		{F40B8627-6A11-4FFB-A8F7-A93FC4027FA2}.Debug|x86.ActiveCfg = Debug|Any CPU
		{F40B8627-6A11-4FFB-A8F7-A93FC4027FA2}.Debug|x86.Build.0 = Debug|Any CPU
		{F40B8627-6A11-4FFB-A8F7-A93FC4027FA2}.Release|Any CPU.ActiveCfg = Release|Any CPU
		{F40B8627-6A11-4FFB-A8F7-A93FC4027FA2}.Release|Any CPU.Build.0 = Release|Any CPU
		{F40B8627-6A11-4FFB-A8F7-A93FC4027FA2}.Release|x64.ActiveCfg = Release|Any CPU
		{F40B8627-6A11-4FFB-A8F7-A93FC4027FA2}.Release|x64.Build.0 = Release|Any CPU
		{F40B8627-6A11-4FFB-A8F7-A93FC4027FA2}.Release|x86.ActiveCfg = Release|Any CPU
		{F40B8627-6A11-4FFB-A8F7-A93FC4027FA2}.Release|x86.Build.0 = Release|Any CPU
	EndGlobalSection
	GlobalSection(SolutionProperties) = preSolution
		HideSolutionNode = FALSE
	EndGlobalSection
	GlobalSection(ExtensibilityGlobals) = postSolution
		SolutionGuid = {99F5074A-1EB5-4280-84BF-9A0120E87810}
	EndGlobalSection
EndGlobal
